
Microsoft Visual Studio Solution File, Format Version 12.00
# Visual Studio Version 17
VisualStudioVersion = 17.5.33516.290
MinimumVisualStudioVersion = 10.0.40219.1
Project("{FAE04EC0-301F-11D3-BF4B-00C04F79EFBC}") = "DAL", "DAL\DAL.csproj", "{E9212E9A-FA3E-4497-A254-717D52A22C72}"
EndProject
Project("{FAE04EC0-301F-11D3-BF4B-00C04F79EFBC}") = "UI", "UI\UI.csproj", "{D8DDFA0C-E34D-4880-B1DA-29A75A320105}"
EndProject
Project("{FAE04EC0-301F-11D3-BF4B-00C04F79EFBC}") = "BLL", "BLL\BLL.csproj", "{520658DA-83A4-4E8F-9914-4F964A7274F5}"
EndProject
Global
	GlobalSection(SolutionConfigurationPlatforms) = preSolution
		Debug|Any CPU = Debug|Any CPU
		Release|Any CPU = Release|Any CPU
	EndGlobalSection
	GlobalSection(ProjectConfigurationPlatforms) = postSolution
		{E9212E9A-FA3E-4497-A254-717D52A22C72}.Debug|Any CPU.ActiveCfg = Debug|Any CPU
		{E9212E9A-FA3E-4497-A254-717D52A22C72}.Debug|Any CPU.Build.0 = Debug|Any CPU
		{E9212E9A-FA3E-4497-A254-717D52A22C72}.Release|Any CPU.ActiveCfg = Release|Any CPU
		{E9212E9A-FA3E-4497-A254-717D52A22C72}.Release|Any CPU.Build.0 = Release|Any CPU
		{D8DDFA0C-E34D-4880-B1DA-29A75A320105}.Debug|Any CPU.ActiveCfg = Debug|Any CPU
		{D8DDFA0C-E34D-4880-B1DA-29A75A320105}.Debug|Any CPU.Build.0 = Debug|Any CPU
		{D8DDFA0C-E34D-4880-B1DA-29A75A320105}.Release|Any CPU.ActiveCfg = Release|Any CPU
		{D8DDFA0C-E34D-4880-B1DA-29A75A320105}.Release|Any CPU.Build.0 = Release|Any CPU
		{520658DA-83A4-4E8F-9914-4F964A7274F5}.Debug|Any CPU.ActiveCfg = Debug|Any CPU
		{520658DA-83A4-4E8F-9914-4F964A7274F5}.Debug|Any CPU.Build.0 = Debug|Any CPU
		{520658DA-83A4-4E8F-9914-4F964A7274F5}.Release|Any CPU.ActiveCfg = Release|Any CPU
		{520658DA-83A4-4E8F-9914-4F964A7274F5}.Release|Any CPU.Build.0 = Release|Any CPU
	EndGlobalSection
	GlobalSection(SolutionProperties) = preSolution
		HideSolutionNode = FALSE
	EndGlobalSection
	GlobalSection(ExtensibilityGlobals) = postSolution
		SolutionGuid = {FC0608A0-1FBF-4421-B8DC-41CD5BB05A5C}
	EndGlobalSection
EndGlobal
